
Microsoft Visual Studio Solution File, Format Version 12.00
# Visual Studio 14
VisualStudioVersion = 14.0.23107.0
MinimumVisualStudioVersion = 10.0.40219.1
Project("{FAE04EC0-301F-11D3-BF4B-00C04F79EFBC}") = "ASP_lesson14", "ASP_lesson14\ASP_lesson14.csproj", "{28140014-0B77-48AF-93FA-A8CFFE25A36F}"
EndProject
Project("{FAE04EC0-301F-11D3-BF4B-00C04F79EFBC}") = "NextSelfHostKatana", "NextSelfHostKatana\NextSelfHostKatana.csproj", "{8BD3E6D6-33D7-4567-A260-122E460378A3}"
EndProject
Project("{FAE04EC0-301F-11D3-BF4B-00C04F79EFBC}") = "HtmlSelfHostKatana", "HtmlSelfHostKatana\HtmlSelfHostKatana.csproj", "{E93CE6A2-C991-49D4-909C-67BA2DCB3CDD}"
EndProject
Global
	GlobalSection(SolutionConfigurationPlatforms) = preSolution
		Debug|Any CPU = Debug|Any CPU
		Release|Any CPU = Release|Any CPU
	EndGlobalSection
	GlobalSection(ProjectConfigurationPlatforms) = postSolution
		{28140014-0B77-48AF-93FA-A8CFFE25A36F}.Debug|Any CPU.ActiveCfg = Debug|Any CPU
		{28140014-0B77-48AF-93FA-A8CFFE25A36F}.Debug|Any CPU.Build.0 = Debug|Any CPU
		{28140014-0B77-48AF-93FA-A8CFFE25A36F}.Release|Any CPU.ActiveCfg = Release|Any CPU
		{28140014-0B77-48AF-93FA-A8CFFE25A36F}.Release|Any CPU.Build.0 = Release|Any CPU
		{8BD3E6D6-33D7-4567-A260-122E460378A3}.Debug|Any CPU.ActiveCfg = Debug|Any CPU
		{8BD3E6D6-33D7-4567-A260-122E460378A3}.Debug|Any CPU.Build.0 = Debug|Any CPU
		{8BD3E6D6-33D7-4567-A260-122E460378A3}.Release|Any CPU.ActiveCfg = Release|Any CPU
		{8BD3E6D6-33D7-4567-A260-122E460378A3}.Release|Any CPU.Build.0 = Release|Any CPU
		{E93CE6A2-C991-49D4-909C-67BA2DCB3CDD}.Debug|Any CPU.ActiveCfg = Debug|Any CPU
		{E93CE6A2-C991-49D4-909C-67BA2DCB3CDD}.Debug|Any CPU.Build.0 = Debug|Any CPU
		{E93CE6A2-C991-49D4-909C-67BA2DCB3CDD}.Release|Any CPU.ActiveCfg = Release|Any CPU
		{E93CE6A2-C991-49D4-909C-67BA2DCB3CDD}.Release|Any CPU.Build.0 = Release|Any CPU
	EndGlobalSection
	GlobalSection(SolutionProperties) = preSolution
		HideSolutionNode = FALSE
	EndGlobalSection
EndGlobal
